
Microsoft Visual Studio Solution File, Format Version 12.00
Project("{2150E333-8FDC-42A3-9474-1A3956D46DE8}") = "src", "src", "{31ED7069-5A16-4541-9FC2-12BBCE8A8E56}"
EndProject
Project("{2150E333-8FDC-42A3-9474-1A3956D46DE8}") = "Data", "Data", "{DBF2A797-9D43-4663-9D3D-D87F455F4AE6}"
EndProject
Project("{FAE04EC0-301F-11D3-BF4B-00C04F79EFBC}") = "MagniFinance.Data", "src\Data\MagniFinance.Data\MagniFinance.Data.csproj", "{6083EAC0-C22E-46A2-9918-AB6E876802AB}"
EndProject
Project("{2150E333-8FDC-42A3-9474-1A3956D46DE8}") = "Domain", "Domain", "{4447572D-8D12-420A-822C-457282ACDC3A}"
EndProject
Project("{FAE04EC0-301F-11D3-BF4B-00C04F79EFBC}") = "MagniFinance.Domain.Student", "src\Domain\MagniFinance.Domain.Student\MagniFinance.Domain.Student.csproj", "{0EFB49C9-531D-4D1B-BD08-6F51DC667A80}"
EndProject
Project("{FAE04EC0-301F-11D3-BF4B-00C04F79EFBC}") = "MagniFinance.Domain.Core", "src\Domain\MagniFinance.Domain.Core\MagniFinance.Domain.Core.csproj", "{B3881CA6-3B29-4A10-8BA7-30377AF4D4AF}"
EndProject
Project("{2150E333-8FDC-42A3-9474-1A3956D46DE8}") = "Application", "Application", "{DD09E090-5749-4C7C-A10F-739C33D5B3C5}"
EndProject
Project("{FAE04EC0-301F-11D3-BF4B-00C04F79EFBC}") = "MagniFinance.Api", "src\Application\MagniFinance.Api\MagniFinance.Api.csproj", "{D9EC0CC8-1416-420A-AB60-F00EA9F4BA34}"
EndProject
Project("{2150E333-8FDC-42A3-9474-1A3956D46DE8}") = "Infrastructure", "Infrastructure", "{5CD91861-52BC-4D2C-A61B-7FCA58363E3B}"
EndProject
Project("{FAE04EC0-301F-11D3-BF4B-00C04F79EFBC}") = "MagniFinance.Infrastructure", "src\Infrastructure\MagniFinance.Infrastructure\MagniFinance.Infrastructure.csproj", "{71F93603-A73D-43EB-BE92-DAEAF60A3663}"
EndProject
Project("{FAE04EC0-301F-11D3-BF4B-00C04F79EFBC}") = "MagniFinance.Domain.Shared", "src\Domain\MagniFinance.Domain.Shared\MagniFinance.Domain.Shared.csproj", "{9811481D-99A2-4BF5-A785-352821583C94}"
EndProject
Project("{FAE04EC0-301F-11D3-BF4B-00C04F79EFBC}") = "MagniFinance.Domain.Course", "src\Domain\MagniFinance.Domain.Course\MagniFinance.Domain.Course.csproj", "{EA44361B-CAE3-4704-9B43-AD13F465117C}"
EndProject
Project("{FAE04EC0-301F-11D3-BF4B-00C04F79EFBC}") = "MagniFinance.Domain.Teacher", "src\Domain\MagniFinance.Domain.Teacher\MagniFinance.Domain.Teacher.csproj", "{C0854F27-4373-4FEE-BC9B-FF2DE3288478}"
EndProject
Project("{FAE04EC0-301F-11D3-BF4B-00C04F79EFBC}") = "MagniFinance.Domain.Subject", "src\Domain\MagniFinance.Domain.Subject\MagniFinance.Domain.Subject.csproj", "{CC364E6F-3105-4089-A6FA-6E8820DFB754}"
EndProject
Project("{FAE04EC0-301F-11D3-BF4B-00C04F79EFBC}") = "MagniFinance.Domain.Grade", "src\Domain\MagniFinance.Domain.Grade\MagniFinance.Domain.Grade.csproj", "{5B4DCA2C-36B3-4ABE-B350-EF0F68F6CDE8}"
EndProject
Global
	GlobalSection(SolutionConfigurationPlatforms) = preSolution
		Debug|Any CPU = Debug|Any CPU
		Release|Any CPU = Release|Any CPU
	EndGlobalSection
	GlobalSection(ProjectConfigurationPlatforms) = postSolution
		{6083EAC0-C22E-46A2-9918-AB6E876802AB}.Debug|Any CPU.ActiveCfg = Debug|Any CPU
		{6083EAC0-C22E-46A2-9918-AB6E876802AB}.Debug|Any CPU.Build.0 = Debug|Any CPU
		{6083EAC0-C22E-46A2-9918-AB6E876802AB}.Release|Any CPU.ActiveCfg = Release|Any CPU
		{6083EAC0-C22E-46A2-9918-AB6E876802AB}.Release|Any CPU.Build.0 = Release|Any CPU
		{0EFB49C9-531D-4D1B-BD08-6F51DC667A80}.Debug|Any CPU.ActiveCfg = Debug|Any CPU
		{0EFB49C9-531D-4D1B-BD08-6F51DC667A80}.Debug|Any CPU.Build.0 = Debug|Any CPU
		{0EFB49C9-531D-4D1B-BD08-6F51DC667A80}.Release|Any CPU.ActiveCfg = Release|Any CPU
		{0EFB49C9-531D-4D1B-BD08-6F51DC667A80}.Release|Any CPU.Build.0 = Release|Any CPU
		{B3881CA6-3B29-4A10-8BA7-30377AF4D4AF}.Debug|Any CPU.ActiveCfg = Debug|Any CPU
		{B3881CA6-3B29-4A10-8BA7-30377AF4D4AF}.Debug|Any CPU.Build.0 = Debug|Any CPU
		{B3881CA6-3B29-4A10-8BA7-30377AF4D4AF}.Release|Any CPU.ActiveCfg = Release|Any CPU
		{B3881CA6-3B29-4A10-8BA7-30377AF4D4AF}.Release|Any CPU.Build.0 = Release|Any CPU
		{D9EC0CC8-1416-420A-AB60-F00EA9F4BA34}.Debug|Any CPU.ActiveCfg = Debug|Any CPU
		{D9EC0CC8-1416-420A-AB60-F00EA9F4BA34}.Debug|Any CPU.Build.0 = Debug|Any CPU
		{D9EC0CC8-1416-420A-AB60-F00EA9F4BA34}.Release|Any CPU.ActiveCfg = Release|Any CPU
		{D9EC0CC8-1416-420A-AB60-F00EA9F4BA34}.Release|Any CPU.Build.0 = Release|Any CPU
		{71F93603-A73D-43EB-BE92-DAEAF60A3663}.Debug|Any CPU.ActiveCfg = Debug|Any CPU
		{71F93603-A73D-43EB-BE92-DAEAF60A3663}.Debug|Any CPU.Build.0 = Debug|Any CPU
		{71F93603-A73D-43EB-BE92-DAEAF60A3663}.Release|Any CPU.ActiveCfg = Release|Any CPU
		{71F93603-A73D-43EB-BE92-DAEAF60A3663}.Release|Any CPU.Build.0 = Release|Any CPU
		{9811481D-99A2-4BF5-A785-352821583C94}.Debug|Any CPU.ActiveCfg = Debug|Any CPU
		{9811481D-99A2-4BF5-A785-352821583C94}.Debug|Any CPU.Build.0 = Debug|Any CPU
		{9811481D-99A2-4BF5-A785-352821583C94}.Release|Any CPU.ActiveCfg = Release|Any CPU
		{9811481D-99A2-4BF5-A785-352821583C94}.Release|Any CPU.Build.0 = Release|Any CPU
		{EA44361B-CAE3-4704-9B43-AD13F465117C}.Debug|Any CPU.ActiveCfg = Debug|Any CPU
		{EA44361B-CAE3-4704-9B43-AD13F465117C}.Debug|Any CPU.Build.0 = Debug|Any CPU
		{EA44361B-CAE3-4704-9B43-AD13F465117C}.Release|Any CPU.ActiveCfg = Release|Any CPU
		{EA44361B-CAE3-4704-9B43-AD13F465117C}.Release|Any CPU.Build.0 = Release|Any CPU
		{C0854F27-4373-4FEE-BC9B-FF2DE3288478}.Debug|Any CPU.ActiveCfg = Debug|Any CPU
		{C0854F27-4373-4FEE-BC9B-FF2DE3288478}.Debug|Any CPU.Build.0 = Debug|Any CPU
		{C0854F27-4373-4FEE-BC9B-FF2DE3288478}.Release|Any CPU.ActiveCfg = Release|Any CPU
		{C0854F27-4373-4FEE-BC9B-FF2DE3288478}.Release|Any CPU.Build.0 = Release|Any CPU
		{CC364E6F-3105-4089-A6FA-6E8820DFB754}.Debug|Any CPU.ActiveCfg = Debug|Any CPU
		{CC364E6F-3105-4089-A6FA-6E8820DFB754}.Debug|Any CPU.Build.0 = Debug|Any CPU
		{CC364E6F-3105-4089-A6FA-6E8820DFB754}.Release|Any CPU.ActiveCfg = Release|Any CPU
		{CC364E6F-3105-4089-A6FA-6E8820DFB754}.Release|Any CPU.Build.0 = Release|Any CPU
		{5B4DCA2C-36B3-4ABE-B350-EF0F68F6CDE8}.Debug|Any CPU.ActiveCfg = Debug|Any CPU
		{5B4DCA2C-36B3-4ABE-B350-EF0F68F6CDE8}.Debug|Any CPU.Build.0 = Debug|Any CPU
		{5B4DCA2C-36B3-4ABE-B350-EF0F68F6CDE8}.Release|Any CPU.ActiveCfg = Release|Any CPU
		{5B4DCA2C-36B3-4ABE-B350-EF0F68F6CDE8}.Release|Any CPU.Build.0 = Release|Any CPU
	EndGlobalSection
	GlobalSection(NestedProjects) = preSolution
		{DBF2A797-9D43-4663-9D3D-D87F455F4AE6} = {31ED7069-5A16-4541-9FC2-12BBCE8A8E56}
		{6083EAC0-C22E-46A2-9918-AB6E876802AB} = {DBF2A797-9D43-4663-9D3D-D87F455F4AE6}
		{4447572D-8D12-420A-822C-457282ACDC3A} = {31ED7069-5A16-4541-9FC2-12BBCE8A8E56}
		{0EFB49C9-531D-4D1B-BD08-6F51DC667A80} = {4447572D-8D12-420A-822C-457282ACDC3A}
		{B3881CA6-3B29-4A10-8BA7-30377AF4D4AF} = {4447572D-8D12-420A-822C-457282ACDC3A}
		{DD09E090-5749-4C7C-A10F-739C33D5B3C5} = {31ED7069-5A16-4541-9FC2-12BBCE8A8E56}
		{D9EC0CC8-1416-420A-AB60-F00EA9F4BA34} = {DD09E090-5749-4C7C-A10F-739C33D5B3C5}
		{5CD91861-52BC-4D2C-A61B-7FCA58363E3B} = {31ED7069-5A16-4541-9FC2-12BBCE8A8E56}
		{71F93603-A73D-43EB-BE92-DAEAF60A3663} = {5CD91861-52BC-4D2C-A61B-7FCA58363E3B}
		{9811481D-99A2-4BF5-A785-352821583C94} = {4447572D-8D12-420A-822C-457282ACDC3A}
		{EA44361B-CAE3-4704-9B43-AD13F465117C} = {4447572D-8D12-420A-822C-457282ACDC3A}
		{C0854F27-4373-4FEE-BC9B-FF2DE3288478} = {4447572D-8D12-420A-822C-457282ACDC3A}
		{CC364E6F-3105-4089-A6FA-6E8820DFB754} = {4447572D-8D12-420A-822C-457282ACDC3A}
		{5B4DCA2C-36B3-4ABE-B350-EF0F68F6CDE8} = {4447572D-8D12-420A-822C-457282ACDC3A}
	EndGlobalSection
EndGlobal
